
Microsoft Visual Studio Solution File, Format Version 12.00
# Visual Studio Version 17
VisualStudioVersion = 17.2.32630.192
MinimumVisualStudioVersion = 10.0.40219.1
Project("{9A19103F-16F7-4668-BE54-9A1E7A4F7556}") = "rest-api", "rest-api\rest-api.csproj", "{D8F56C0E-081F-484D-BF18-66BAC49448AD}"
EndProject
Project("{FAE04EC0-301F-11D3-BF4B-00C04F79EFBC}") = "rest-api-UnitTests", "rest-api-UnitTests\rest-api-UnitTests.csproj", "{4033FAD2-55EA-47E2-A3F5-5153EA2324FD}"
EndProject
Global
	GlobalSection(SolutionConfigurationPlatforms) = preSolution
		Debug|Any CPU = Debug|Any CPU
		Release|Any CPU = Release|Any CPU
	EndGlobalSection
	GlobalSection(ProjectConfigurationPlatforms) = postSolution
		{D8F56C0E-081F-484D-BF18-66BAC49448AD}.Debug|Any CPU.ActiveCfg = Debug|Any CPU
		{D8F56C0E-081F-484D-BF18-66BAC49448AD}.Debug|Any CPU.Build.0 = Debug|Any CPU
		{D8F56C0E-081F-484D-BF18-66BAC49448AD}.Release|Any CPU.ActiveCfg = Release|Any CPU
		{D8F56C0E-081F-484D-BF18-66BAC49448AD}.Release|Any CPU.Build.0 = Release|Any CPU
		{4033FAD2-55EA-47E2-A3F5-5153EA2324FD}.Debug|Any CPU.ActiveCfg = Debug|Any CPU
		{4033FAD2-55EA-47E2-A3F5-5153EA2324FD}.Debug|Any CPU.Build.0 = Debug|Any CPU
		{4033FAD2-55EA-47E2-A3F5-5153EA2324FD}.Release|Any CPU.ActiveCfg = Release|Any CPU
		{4033FAD2-55EA-47E2-A3F5-5153EA2324FD}.Release|Any CPU.Build.0 = Release|Any CPU
	EndGlobalSection
	GlobalSection(SolutionProperties) = preSolution
		HideSolutionNode = FALSE
	EndGlobalSection
	GlobalSection(ExtensibilityGlobals) = postSolution
		SolutionGuid = {2708400B-4D2A-4906-945A-1D466FEFE331}
	EndGlobalSection
EndGlobal
